// !$*UTF8*$!
{
	archiveVersion = 1;
	classes = {
	};
	objectVersion = 46;
	objects = {

/* Begin PBXBuildFile section */
		1424D4341D172B2700E7573D /* main.m in Sources */ = {isa = PBXBuildFile; fileRef = 1424D4331D172B2700E7573D /* main.m */; };
		1424D4371D172B2700E7573D /* AppDelegate.m in Sources */ = {isa = PBXBuildFile; fileRef = 1424D4361D172B2700E7573D /* AppDelegate.m */; };
		1424D43D1D172B2700E7573D /* Main.storyboard in Resources */ = {isa = PBXBuildFile; fileRef = 1424D43B1D172B2700E7573D /* Main.storyboard */; };
		1424D43F1D172B2700E7573D /* Assets.xcassets in Resources */ = {isa = PBXBuildFile; fileRef = 1424D43E1D172B2700E7573D /* Assets.xcassets */; };
		1424D4421D172B2700E7573D /* LaunchScreen.storyboard in Resources */ = {isa = PBXBuildFile; fileRef = 1424D4401D172B2700E7573D /* LaunchScreen.storyboard */; };
		1424D44D1D172B2700E7573D /* vaultappv1Tests.m in Sources */ = {isa = PBXBuildFile; fileRef = 1424D44C1D172B2700E7573D /* vaultappv1Tests.m */; };
		1424D4581D172B2700E7573D /* vaultappv1UITests.m in Sources */ = {isa = PBXBuildFile; fileRef = 1424D4571D172B2700E7573D /* vaultappv1UITests.m */; };
		1424D46D1D17547000E7573D /* Account.m in Sources */ = {isa = PBXBuildFile; fileRef = 1424D46C1D17547000E7573D /* Account.m */; };
		1424D4731D1755E500E7573D /* AccountsDisplayViewController.m in Sources */ = {isa = PBXBuildFile; fileRef = 1424D4721D1755E500E7573D /* AccountsDisplayViewController.m */; };
		1424D4761D18784400E7573D /* MakeAccountViewController.m in Sources */ = {isa = PBXBuildFile; fileRef = 1424D4751D18784400E7573D /* MakeAccountViewController.m */; };
		1424D4791D189FB600E7573D /* EditAccountViewController.m in Sources */ = {isa = PBXBuildFile; fileRef = 1424D4781D189FB600E7573D /* EditAccountViewController.m */; };
		1424D47C1D341E9F00E7573D /* WebViewController.m in Sources */ = {isa = PBXBuildFile; fileRef = 1424D47B1D341E9F00E7573D /* WebViewController.m */; };
		1431B1B51F25246700298211 /* TouchIDViewController.m in Sources */ = {isa = PBXBuildFile; fileRef = 1431B1B41F25246700298211 /* TouchIDViewController.m */; };
		143229921EF4BB88001B43B8 /* NSData.m in Sources */ = {isa = PBXBuildFile; fileRef = 143229911EF4BB88001B43B8 /* NSData.m */; };
		143229951EF4BC2B001B43B8 /* NSEncrypt.m in Sources */ = {isa = PBXBuildFile; fileRef = 143229941EF4BC2B001B43B8 /* NSEncrypt.m */; };
		143229971EF6E95F001B43B8 /* Default-568h@2x.png in Resources */ = {isa = PBXBuildFile; fileRef = 143229961EF6E95F001B43B8 /* Default-568h@2x.png */; };
		14728AA41D515EDA007A58CB /* InformationViewController.m in Sources */ = {isa = PBXBuildFile; fileRef = 14728AA31D515EDA007A58CB /* InformationViewController.m */; };
		14728AA71D516250007A58CB /* EntryViewController.m in Sources */ = {isa = PBXBuildFile; fileRef = 14728AA61D516250007A58CB /* EntryViewController.m */; };
		14728AAA1D582E15007A58CB /* EditEntryViewController.m in Sources */ = {isa = PBXBuildFile; fileRef = 14728AA91D582E15007A58CB /* EditEntryViewController.m */; };
/* End PBXBuildFile section */

/* Begin PBXContainerItemProxy section */
		1424D4491D172B2700E7573D /* PBXContainerItemProxy */ = {
			isa = PBXContainerItemProxy;
			containerPortal = 1424D4271D172B2700E7573D /* Project object */;
			proxyType = 1;
			remoteGlobalIDString = 1424D42E1D172B2700E7573D;
			remoteInfo = vaultappv1;
		};
		1424D4541D172B2700E7573D /* PBXContainerItemProxy */ = {
			isa = PBXContainerItemProxy;
			containerPortal = 1424D4271D172B2700E7573D /* Project object */;
			proxyType = 1;
			remoteGlobalIDString = 1424D42E1D172B2700E7573D;
			remoteInfo = vaulatappv1;
		};
/* End PBXContainerItemProxy section */

/* Begin PBXFileReference section */
		1424D42F1D172B2700E7573D /* vaultappv1.app */ = {isa = PBXFileReference; explicitFileType = wrapper.application; includeInIndex = 0; path = vaultappv1.app; sourceTree = BUILT_PRODUCTS_DIR; };
		1424D4331D172B2700E7573D /* main.m */ = {isa = PBXFileReference; lastKnownFileType = sourcecode.c.objc; path = main.m; sourceTree = "<group>"; };
		1424D4351D172B2700E7573D /* AppDelegate.h */ = {isa = PBXFileReference; lastKnownFileType = sourcecode.c.h; path = AppDelegate.h; sourceTree = "<group>"; };
		1424D4361D172B2700E7573D /* AppDelegate.m */ = {isa = PBXFileReference; lastKnownFileType = sourcecode.c.objc; path = AppDelegate.m; sourceTree = "<group>"; };
		1424D43C1D172B2700E7573D /* Base */ = {isa = PBXFileReference; lastKnownFileType = file.storyboard; name = Base; path = Base.lproj/Main.storyboard; sourceTree = "<group>"; };
		1424D43E1D172B2700E7573D /* Assets.xcassets */ = {isa = PBXFileReference; lastKnownFileType = folder.assetcatalog; path = Assets.xcassets; sourceTree = "<group>"; };
		1424D4411D172B2700E7573D /* Base */ = {isa = PBXFileReference; lastKnownFileType = file.storyboard; name = Base; path = Base.lproj/LaunchScreen.storyboard; sourceTree = "<group>"; };
		1424D4431D172B2700E7573D /* Info.plist */ = {isa = PBXFileReference; lastKnownFileType = text.plist.xml; path = Info.plist; sourceTree = "<group>"; };
		1424D4481D172B2700E7573D /* vaultappv1Tests.xctest */ = {isa = PBXFileReference; explicitFileType = wrapper.cfbundle; includeInIndex = 0; path = vaultappv1Tests.xctest; sourceTree = BUILT_PRODUCTS_DIR; };
		1424D44C1D172B2700E7573D /* vaultappv1Tests.m */ = {isa = PBXFileReference; lastKnownFileType = sourcecode.c.objc; path = vaultappv1Tests.m; sourceTree = "<group>"; };
		1424D44E1D172B2700E7573D /* Info.plist */ = {isa = PBXFileReference; lastKnownFileType = text.plist.xml; path = Info.plist; sourceTree = "<group>"; };
		1424D4531D172B2700E7573D /* vaultappv1UITests.xctest */ = {isa = PBXFileReference; explicitFileType = wrapper.cfbundle; includeInIndex = 0; path = vaultappv1UITests.xctest; sourceTree = BUILT_PRODUCTS_DIR; };
		1424D4571D172B2700E7573D /* vaultappv1UITests.m */ = {isa = PBXFileReference; lastKnownFileType = sourcecode.c.objc; path = vaultappv1UITests.m; sourceTree = "<group>"; };
		1424D4591D172B2700E7573D /* Info.plist */ = {isa = PBXFileReference; lastKnownFileType = text.plist.xml; path = Info.plist; sourceTree = "<group>"; };
		1424D46B1D17547000E7573D /* Account.h */ = {isa = PBXFileReference; fileEncoding = 4; lastKnownFileType = sourcecode.c.h; path = Account.h; sourceTree = "<group>"; };
		1424D46C1D17547000E7573D /* Account.m */ = {isa = PBXFileReference; fileEncoding = 4; lastKnownFileType = sourcecode.c.objc; path = Account.m; sourceTree = "<group>"; };
		1424D4711D1755E500E7573D /* AccountsDisplayViewController.h */ = {isa = PBXFileReference; fileEncoding = 4; lastKnownFileType = sourcecode.c.h; path = AccountsDisplayViewController.h; sourceTree = "<group>"; };
		1424D4721D1755E500E7573D /* AccountsDisplayViewController.m */ = {isa = PBXFileReference; fileEncoding = 4; lastKnownFileType = sourcecode.c.objc; path = AccountsDisplayViewController.m; sourceTree = "<group>"; };
		1424D4741D18784400E7573D /* MakeAccountViewController.h */ = {isa = PBXFileReference; fileEncoding = 4; lastKnownFileType = sourcecode.c.h; path = MakeAccountViewController.h; sourceTree = "<group>"; };
		1424D4751D18784400E7573D /* MakeAccountViewController.m */ = {isa = PBXFileReference; fileEncoding = 4; lastKnownFileType = sourcecode.c.objc; path = MakeAccountViewController.m; sourceTree = "<group>"; };
		1424D4771D189FB600E7573D /* EditAccountViewController.h */ = {isa = PBXFileReference; fileEncoding = 4; lastKnownFileType = sourcecode.c.h; path = EditAccountViewController.h; sourceTree = "<group>"; };
		1424D4781D189FB600E7573D /* EditAccountViewController.m */ = {isa = PBXFileReference; fileEncoding = 4; lastKnownFileType = sourcecode.c.objc; path = EditAccountViewController.m; sourceTree = "<group>"; };
		1424D47A1D341E9F00E7573D /* WebViewController.h */ = {isa = PBXFileReference; fileEncoding = 4; lastKnownFileType = sourcecode.c.h; path = WebViewController.h; sourceTree = "<group>"; };
		1424D47B1D341E9F00E7573D /* WebViewController.m */ = {isa = PBXFileReference; fileEncoding = 4; lastKnownFileType = sourcecode.c.objc; path = WebViewController.m; sourceTree = "<group>"; };
		1431B1B31F25246700298211 /* TouchIDViewController.h */ = {isa = PBXFileReference; fileEncoding = 4; lastKnownFileType = sourcecode.c.h; path = TouchIDViewController.h; sourceTree = "<group>"; };
		1431B1B41F25246700298211 /* TouchIDViewController.m */ = {isa = PBXFileReference; fileEncoding = 4; lastKnownFileType = sourcecode.c.objc; path = TouchIDViewController.m; sourceTree = "<group>"; };
		143229901EF4BA6E001B43B8 /* NSData.h */ = {isa = PBXFileReference; fileEncoding = 4; lastKnownFileType = sourcecode.c.h; path = NSData.h; sourceTree = "<group>"; };
		143229911EF4BB88001B43B8 /* NSData.m */ = {isa = PBXFileReference; fileEncoding = 4; lastKnownFileType = sourcecode.c.objc; path = NSData.m; sourceTree = "<group>"; };
		143229931EF4BBEB001B43B8 /* NSEncrypt.h */ = {isa = PBXFileReference; fileEncoding = 4; lastKnownFileType = sourcecode.c.h; path = NSEncrypt.h; sourceTree = "<group>"; };
		143229941EF4BC2B001B43B8 /* NSEncrypt.m */ = {isa = PBXFileReference; fileEncoding = 4; lastKnownFileType = sourcecode.c.objc; path = NSEncrypt.m; sourceTree = "<group>"; };
		143229961EF6E95F001B43B8 /* Default-568h@2x.png */ = {isa = PBXFileReference; lastKnownFileType = image.png; path = "Default-568h@2x.png"; sourceTree = "<group>"; };
		14728AA21D515EDA007A58CB /* InformationViewController.h */ = {isa = PBXFileReference; fileEncoding = 4; lastKnownFileType = sourcecode.c.h; path = InformationViewController.h; sourceTree = "<group>"; };
		14728AA31D515EDA007A58CB /* InformationViewController.m */ = {isa = PBXFileReference; fileEncoding = 4; lastKnownFileType = sourcecode.c.objc; path = InformationViewController.m; sourceTree = "<group>"; };
		14728AA51D516250007A58CB /* EntryViewController.h */ = {isa = PBXFileReference; fileEncoding = 4; lastKnownFileType = sourcecode.c.h; path = EntryViewController.h; sourceTree = "<group>"; };
		14728AA61D516250007A58CB /* EntryViewController.m */ = {isa = PBXFileReference; fileEncoding = 4; lastKnownFileType = sourcecode.c.objc; path = EntryViewController.m; sourceTree = "<group>"; };
		14728AA81D582E15007A58CB /* EditEntryViewController.h */ = {isa = PBXFileReference; fileEncoding = 4; lastKnownFileType = sourcecode.c.h; path = EditEntryViewController.h; sourceTree = "<group>"; };
		14728AA91D582E15007A58CB /* EditEntryViewController.m */ = {isa = PBXFileReference; fileEncoding = 4; lastKnownFileType = sourcecode.c.objc; path = EditEntryViewController.m; sourceTree = "<group>"; };
/* End PBXFileReference section */

/* Begin PBXFrameworksBuildPhase section */
		1424D42C1D172B2700E7573D /* Frameworks */ = {
			isa = PBXFrameworksBuildPhase;
			buildActionMask = 2147483647;
			files = (
			);
			runOnlyForDeploymentPostprocessing = 0;
		};
		1424D4451D172B2700E7573D /* Frameworks */ = {
			isa = PBXFrameworksBuildPhase;
			buildActionMask = 2147483647;
			files = (
			);
			runOnlyForDeploymentPostprocessing = 0;
		};
		1424D4501D172B2700E7573D /* Frameworks */ = {
			isa = PBXFrameworksBuildPhase;
			buildActionMask = 2147483647;
			files = (
			);
			runOnlyForDeploymentPostprocessing = 0;
		};
/* End PBXFrameworksBuildPhase section */

/* Begin PBXGroup section */
		1424D4261D172B2700E7573D = {
			isa = PBXGroup;
			children = (
				143229961EF6E95F001B43B8 /* Default-568h@2x.png */,
				1424D4311D172B2700E7573D /* vaultappv1 */,
				1424D44B1D172B2700E7573D /* vaultappv1Tests */,
				1424D4561D172B2700E7573D /* vaultappv1UITests */,
				1424D4301D172B2700E7573D /* Products */,
			);
			sourceTree = "<group>";
		};
		1424D4301D172B2700E7573D /* Products */ = {
			isa = PBXGroup;
			children = (
				1424D42F1D172B2700E7573D /* vaultappv1.app */,
				1424D4481D172B2700E7573D /* vaultappv1Tests.xctest */,
				1424D4531D172B2700E7573D /* vaultappv1UITests.xctest */,
			);
			name = Products;
			sourceTree = "<group>";
		};
		1424D4311D172B2700E7573D /* vaultappv1 */ = {
			isa = PBXGroup;
			children = (
				1424D4351D172B2700E7573D /* AppDelegate.h */,
				1424D4361D172B2700E7573D /* AppDelegate.m */,
				1424D43B1D172B2700E7573D /* Main.storyboard */,
				1431B1B31F25246700298211 /* TouchIDViewController.h */,
				1431B1B41F25246700298211 /* TouchIDViewController.m */,
				14728AA81D582E15007A58CB /* EditEntryViewController.h */,
				14728AA91D582E15007A58CB /* EditEntryViewController.m */,
				14728AA21D515EDA007A58CB /* InformationViewController.h */,
				14728AA51D516250007A58CB /* EntryViewController.h */,
				14728AA61D516250007A58CB /* EntryViewController.m */,
				14728AA31D515EDA007A58CB /* InformationViewController.m */,
				1424D4741D18784400E7573D /* MakeAccountViewController.h */,
				1424D4751D18784400E7573D /* MakeAccountViewController.m */,
				143229901EF4BA6E001B43B8 /* NSData.h */,
				143229911EF4BB88001B43B8 /* NSData.m */,
				143229931EF4BBEB001B43B8 /* NSEncrypt.h */,
				143229941EF4BC2B001B43B8 /* NSEncrypt.m */,
				1424D43E1D172B2700E7573D /* Assets.xcassets */,
				1424D4401D172B2700E7573D /* LaunchScreen.storyboard */,
				1424D4431D172B2700E7573D /* Info.plist */,
				1424D46B1D17547000E7573D /* Account.h */,
				1424D46C1D17547000E7573D /* Account.m */,
				1424D4711D1755E500E7573D /* AccountsDisplayViewController.h */,
				1424D4721D1755E500E7573D /* AccountsDisplayViewController.m */,
				1424D4771D189FB600E7573D /* EditAccountViewController.h */,
				1424D4781D189FB600E7573D /* EditAccountViewController.m */,
				1424D47A1D341E9F00E7573D /* WebViewController.h */,
				1424D47B1D341E9F00E7573D /* WebViewController.m */,
				1424D4321D172B2700E7573D /* Supporting Files */,
			);
			path = vaultappv1;
			sourceTree = "<group>";
		};
		1424D4321D172B2700E7573D /* Supporting Files */ = {
			isa = PBXGroup;
			children = (
				1424D4331D172B2700E7573D /* main.m */,
			);
			name = "Supporting Files";
			sourceTree = "<group>";
		};
		1424D44B1D172B2700E7573D /* vaultappv1Tests */ = {
			isa = PBXGroup;
			children = (
				1424D44C1D172B2700E7573D /* vaultappv1Tests.m */,
				1424D44E1D172B2700E7573D /* Info.plist */,
			);
			path = vaultappv1Tests;
			sourceTree = "<group>";
		};
		1424D4561D172B2700E7573D /* vaultappv1UITests */ = {
			isa = PBXGroup;
			children = (
				1424D4571D172B2700E7573D /* vaultappv1UITests.m */,
				1424D4591D172B2700E7573D /* Info.plist */,
			);
			path = vaultappv1UITests;
			sourceTree = "<group>";
		};
/* End PBXGroup section */

/* Begin PBXNativeTarget section */
		1424D42E1D172B2700E7573D /* vaultappv1 */ = {
			isa = PBXNativeTarget;
			buildConfigurationList = 1424D45C1D172B2700E7573D /* Build configuration list for PBXNativeTarget "vaultappv1" */;
			buildPhases = (
				1424D42B1D172B2700E7573D /* Sources */,
				1424D42C1D172B2700E7573D /* Frameworks */,
				1424D42D1D172B2700E7573D /* Resources */,
			);
			buildRules = (
			);
			dependencies = (
			);
			name = vaultappv1;
			productName = vaultappv1;
			productReference = 1424D42F1D172B2700E7573D /* vaultappv1.app */;
			productType = "com.apple.product-type.application";
		};
		1424D4471D172B2700E7573D /* vaultappv1Tests */ = {
			isa = PBXNativeTarget;
			buildConfigurationList = 1424D45F1D172B2700E7573D /* Build configuration list for PBXNativeTarget "vaultappv1Tests" */;
			buildPhases = (
				1424D4441D172B2700E7573D /* Sources */,
				1424D4451D172B2700E7573D /* Frameworks */,
				1424D4461D172B2700E7573D /* Resources */,
			);
			buildRules = (
			);
			dependencies = (
				1424D44A1D172B2700E7573D /* PBXTargetDependency */,
			);
			name = vaultappv1Tests;
			productName = vaultappv1Tests;
			productReference = 1424D4481D172B2700E7573D /* vaultappv1Tests.xctest */;
			productType = "com.apple.product-type.bundle.unit-test";
		};
		1424D4521D172B2700E7573D /* vaultappv1UITests */ = {
			isa = PBXNativeTarget;
			buildConfigurationList = 1424D4621D172B2700E7573D /* Build configuration list for PBXNativeTarget "vaultappv1UITests" */;
			buildPhases = (
				1424D44F1D172B2700E7573D /* Sources */,
				1424D4501D172B2700E7573D /* Frameworks */,
				1424D4511D172B2700E7573D /* Resources */,
			);
			buildRules = (
			);
			dependencies = (
				1424D4551D172B2700E7573D /* PBXTargetDependency */,
			);
			name = vaultappv1UITests;
			productName = vaultappv1UITests;
			productReference = 1424D4531D172B2700E7573D /* vaultappv1UITests.xctest */;
			productType = "com.apple.product-type.bundle.ui-testing";
		};
/* End PBXNativeTarget section */

/* Begin PBXProject section */
		1424D4271D172B2700E7573D /* Project object */ = {
			isa = PBXProject;
			attributes = {
				LastUpgradeCheck = 0830;
				ORGANIZATIONNAME = "Shubham Banavalikar";
				TargetAttributes = {
					1424D42E1D172B2700E7573D = {
						CreatedOnToolsVersion = 7.3.1;
						SystemCapabilities = {
							com.apple.BackgroundModes = {
								enabled = 1;
							};
						};
					};
					1424D4471D172B2700E7573D = {
						CreatedOnToolsVersion = 7.3.1;
						TestTargetID = 1424D42E1D172B2700E7573D;
					};
					1424D4521D172B2700E7573D = {
						CreatedOnToolsVersion = 7.3.1;
						TestTargetID = 1424D42E1D172B2700E7573D;
					};
				};
			};
			buildConfigurationList = 1424D42A1D172B2700E7573D /* Build configuration list for PBXProject "vaultappv1" */;
			compatibilityVersion = "Xcode 3.2";
			developmentRegion = English;
			hasScannedForEncodings = 0;
			knownRegions = (
				en,
				Base,
			);
			mainGroup = 1424D4261D172B2700E7573D;
			productRefGroup = 1424D4301D172B2700E7573D /* Products */;
			projectDirPath = "";
			projectRoot = "";
			targets = (
				1424D42E1D172B2700E7573D /* vaultappv1 */,
				1424D4471D172B2700E7573D /* vaultappv1Tests */,
				1424D4521D172B2700E7573D /* vaultappv1UITests */,
			);
		};
/* End PBXProject section */

/* Begin PBXResourcesBuildPhase section */
		1424D42D1D172B2700E7573D /* Resources */ = {
			isa = PBXResourcesBuildPhase;
			buildActionMask = 2147483647;
			files = (
				1424D4421D172B2700E7573D /* LaunchScreen.storyboard in Resources */,
				143229971EF6E95F001B43B8 /* Default-568h@2x.png in Resources */,
				1424D43F1D172B2700E7573D /* Assets.xcassets in Resources */,
				1424D43D1D172B2700E7573D /* Main.storyboard in Resources */,
			);
			runOnlyForDeploymentPostprocessing = 0;
		};
		1424D4461D172B2700E7573D /* Resources */ = {
			isa = PBXResourcesBuildPhase;
			buildActionMask = 2147483647;
			files = (
			);
			runOnlyForDeploymentPostprocessing = 0;
		};
		1424D4511D172B2700E7573D /* Resources */ = {
			isa = PBXResourcesBuildPhase;
			buildActionMask = 2147483647;
			files = (
			);
			runOnlyForDeploymentPostprocessing = 0;
		};
/* End PBXResourcesBuildPhase section */

/* Begin PBXSourcesBuildPhase section */
		1424D42B1D172B2700E7573D /* Sources */ = {
			isa = PBXSourcesBuildPhase;
			buildActionMask = 2147483647;
			files = (
				143229951EF4BC2B001B43B8 /* NSEncrypt.m in Sources */,
				1424D46D1D17547000E7573D /* Account.m in Sources */,
				1424D4791D189FB600E7573D /* EditAccountViewController.m in Sources */,
				1424D47C1D341E9F00E7573D /* WebViewController.m in Sources */,
				14728AA41D515EDA007A58CB /* InformationViewController.m in Sources */,
				14728AA71D516250007A58CB /* EntryViewController.m in Sources */,
				1424D4371D172B2700E7573D /* AppDelegate.m in Sources */,
				1424D4731D1755E500E7573D /* AccountsDisplayViewController.m in Sources */,
				143229921EF4BB88001B43B8 /* NSData.m in Sources */,
				1424D4761D18784400E7573D /* MakeAccountViewController.m in Sources */,
				1424D4341D172B2700E7573D /* main.m in Sources */,
				1431B1B51F25246700298211 /* TouchIDViewController.m in Sources */,
				14728AAA1D582E15007A58CB /* EditEntryViewController.m in Sources */,
			);
			runOnlyForDeploymentPostprocessing = 0;
		};
		1424D4441D172B2700E7573D /* Sources */ = {
			isa = PBXSourcesBuildPhase;
			buildActionMask = 2147483647;
			files = (
				1424D44D1D172B2700E7573D /* vaultappv1Tests.m in Sources */,
			);
			runOnlyForDeploymentPostprocessing = 0;
		};
		1424D44F1D172B2700E7573D /* Sources */ = {
			isa = PBXSourcesBuildPhase;
			buildActionMask = 2147483647;
			files = (
				1424D4581D172B2700E7573D /* vaultappv1UITests.m in Sources */,
			);
			runOnlyForDeploymentPostprocessing = 0;
		};
/* End PBXSourcesBuildPhase section */

/* Begin PBXTargetDependency section */
		1424D44A1D172B2700E7573D /* PBXTargetDependency */ = {
			isa = PBXTargetDependency;
			target = 1424D42E1D172B2700E7573D /* vaultappv1 */;
			targetProxy = 1424D4491D172B2700E7573D /* PBXContainerItemProxy */;
		};
		1424D4551D172B2700E7573D /* PBXTargetDependency */ = {
			isa = PBXTargetDependency;
			target = 1424D42E1D172B2700E7573D /* vaultappv1 */;
			targetProxy = 1424D4541D172B2700E7573D /* PBXContainerItemProxy */;
		};
/* End PBXTargetDependency section */

/* Begin PBXVariantGroup section */
		1424D43B1D172B2700E7573D /* Main.storyboard */ = {
			isa = PBXVariantGroup;
			children = (
				1424D43C1D172B2700E7573D /* Base */,
			);
			name = Main.storyboard;
			sourceTree = "<group>";
		};
		1424D4401D172B2700E7573D /* LaunchScreen.storyboard */ = {
			isa = PBXVariantGroup;
			children = (
				1424D4411D172B2700E7573D /* Base */,
			);
			name = LaunchScreen.storyboard;
			sourceTree = "<group>";
		};
/* End PBXVariantGroup section */

/* Begin XCBuildConfiguration section */
		1424D45A1D172B2700E7573D /* Debug */ = {
			isa = XCBuildConfiguration;
			buildSettings = {
				ALWAYS_SEARCH_USER_PATHS = NO;
				CLANG_ANALYZER_NONNULL = YES;
				CLANG_CXX_LANGUAGE_STANDARD = "gnu++0x";
				CLANG_CXX_LIBRARY = "libc++";
				CLANG_ENABLE_MODULES = YES;
				CLANG_ENABLE_OBJC_ARC = YES;
				CLANG_WARN_BOOL_CONVERSION = YES;
				CLANG_WARN_CONSTANT_CONVERSION = YES;
				CLANG_WARN_DIRECT_OBJC_ISA_USAGE = YES_ERROR;
				CLANG_WARN_EMPTY_BODY = YES;
				CLANG_WARN_ENUM_CONVERSION = YES;
				CLANG_WARN_INFINITE_RECURSION = YES;
				CLANG_WARN_INT_CONVERSION = YES;
				CLANG_WARN_OBJC_ROOT_CLASS = YES_ERROR;
				CLANG_WARN_SUSPICIOUS_MOVE = YES;
				CLANG_WARN_UNREACHABLE_CODE = YES;
				CLANG_WARN__DUPLICATE_METHOD_MATCH = YES;
				"CODE_SIGN_IDENTITY[sdk=iphoneos*]" = "iPhone Developer";
				COPY_PHASE_STRIP = NO;
				DEBUG_INFORMATION_FORMAT = dwarf;
				ENABLE_STRICT_OBJC_MSGSEND = YES;
				ENABLE_TESTABILITY = YES;
				GCC_C_LANGUAGE_STANDARD = gnu99;
				GCC_DYNAMIC_NO_PIC = NO;
				GCC_NO_COMMON_BLOCKS = YES;
				GCC_OPTIMIZATION_LEVEL = 0;
				GCC_PREPROCESSOR_DEFINITIONS = (
					"DEBUG=1",
					"$(inherited)",
				);
				GCC_WARN_64_TO_32_BIT_CONVERSION = YES;
				GCC_WARN_ABOUT_RETURN_TYPE = YES_ERROR;
				GCC_WARN_UNDECLARED_SELECTOR = YES;
				GCC_WARN_UNINITIALIZED_AUTOS = YES_AGGRESSIVE;
				GCC_WARN_UNUSED_FUNCTION = YES;
				GCC_WARN_UNUSED_VARIABLE = YES;
				IPHONEOS_DEPLOYMENT_TARGET = 9.3;
				MTL_ENABLE_DEBUG_INFO = YES;
				ONLY_ACTIVE_ARCH = YES;
				SDKROOT = iphoneos;
				TARGETED_DEVICE_FAMILY = "1,2";
			};
			name = Debug;
		};
		1424D45B1D172B2700E7573D /* Release */ = {
			isa = XCBuildConfiguration;
			buildSettings = {
				ALWAYS_SEARCH_USER_PATHS = NO;
				CLANG_ANALYZER_NONNULL = YES;
				CLANG_CXX_LANGUAGE_STANDARD = "gnu++0x";
				CLANG_CXX_LIBRARY = "libc++";
				CLANG_ENABLE_MODULES = YES;
				CLANG_ENABLE_OBJC_ARC = YES;
				CLANG_WARN_BOOL_CONVERSION = YES;
				CLANG_WARN_CONSTANT_CONVERSION = YES;
				CLANG_WARN_DIRECT_OBJC_ISA_USAGE = YES_ERROR;
				CLANG_WARN_EMPTY_BODY = YES;
				CLANG_WARN_ENUM_CONVERSION = YES;
				CLANG_WARN_INFINITE_RECURSION = YES;
				CLANG_WARN_INT_CONVERSION = YES;
				CLANG_WARN_OBJC_ROOT_CLASS = YES_ERROR;
				CLANG_WARN_SUSPICIOUS_MOVE = YES;
				CLANG_WARN_UNREACHABLE_CODE = YES;
				CLANG_WARN__DUPLICATE_METHOD_MATCH = YES;
				"CODE_SIGN_IDENTITY[sdk=iphoneos*]" = "iPhone Developer";
				COPY_PHASE_STRIP = NO;
				DEBUG_INFORMATION_FORMAT = "dwarf-with-dsym";
				ENABLE_NS_ASSERTIONS = NO;
				ENABLE_STRICT_OBJC_MSGSEND = YES;
				GCC_C_LANGUAGE_STANDARD = gnu99;
				GCC_NO_COMMON_BLOCKS = YES;
				GCC_WARN_64_TO_32_BIT_CONVERSION = YES;
				GCC_WARN_ABOUT_RETURN_TYPE = YES_ERROR;
				GCC_WARN_UNDECLARED_SELECTOR = YES;
				GCC_WARN_UNINITIALIZED_AUTOS = YES_AGGRESSIVE;
				GCC_WARN_UNUSED_FUNCTION = YES;
				GCC_WARN_UNUSED_VARIABLE = YES;
				IPHONEOS_DEPLOYMENT_TARGET = 9.3;
				MTL_ENABLE_DEBUG_INFO = NO;
				SDKROOT = iphoneos;
				TARGETED_DEVICE_FAMILY = "1,2";
				VALIDATE_PRODUCT = YES;
			};
			name = Release;
		};
		1424D45D1D172B2700E7573D /* Debug */ = {
			isa = XCBuildConfiguration;
			buildSettings = {
				ALWAYS_SEARCH_USER_PATHS = NO;
				ASSETCATALOG_COMPILER_APPICON_NAME = AppIcon;
				CLANG_ENABLE_OBJC_ARC = YES;
				CODE_SIGN_IDENTITY = "iPhone Developer";
				ENABLE_BITCODE = NO;
				INFOPLIST_FILE = vaultappv1/Info.plist;
				INFOPLIST_OTHER_PREPROCESSOR_FLAGS = "-traditional";
				LD_RUNPATH_SEARCH_PATHS = "$(inherited) @executable_path/Frameworks";
				PRODUCT_BUNDLE_IDENTIFIER = PLAY.vaultappv1;
				PRODUCT_NAME = "$(TARGET_NAME)";
				SUPPORTED_PLATFORMS = "iphonesimulator iphoneos";
				TARGETED_DEVICE_FAMILY = "1,2";
			};
			name = Debug;
		};
		1424D45E1D172B2700E7573D /* Release */ = {
			isa = XCBuildConfiguration;
			buildSettings = {
				ALWAYS_SEARCH_USER_PATHS = NO;
				ASSETCATALOG_COMPILER_APPICON_NAME = AppIcon;
				CLANG_ENABLE_OBJC_ARC = YES;
				CODE_SIGN_IDENTITY = "iPhone Developer";
				ENABLE_BITCODE = NO;
				INFOPLIST_FILE = vaultappv1/Info.plist;
				INFOPLIST_OTHER_PREPROCESSOR_FLAGS = "-traditional";
				LD_RUNPATH_SEARCH_PATHS = "$(inherited) @executable_path/Frameworks";
				PRODUCT_BUNDLE_IDENTIFIER = PLAY.vaultappv1;
				PRODUCT_NAME = "$(TARGET_NAME)";
				SUPPORTED_PLATFORMS = "iphonesimulator iphoneos";
				TARGETED_DEVICE_FAMILY = "1,2";
			};
			name = Release;
		};
		1424D4601D172B2700E7573D /* Debug */ = {
			isa = XCBuildConfiguration;
			buildSettings = {
				BUNDLE_LOADER = "$(TEST_HOST)";
				INFOPLIST_FILE = vaultappv1Tests/Info.plist;
				LD_RUNPATH_SEARCH_PATHS = "$(inherited) @executable_path/Frameworks @loader_path/Frameworks";
				PRODUCT_BUNDLE_IDENTIFIER = PLAY.vaultappv1Tests;
				PRODUCT_NAME = "$(TARGET_NAME)";
				TEST_HOST = "$(BUILT_PRODUCTS_DIR)/vaultappv1.app/vaultappv1";
			};
			name = Debug;
		};
		1424D4611D172B2700E7573D /* Release */ = {
			isa = XCBuildConfiguration;
			buildSettings = {
				BUNDLE_LOADER = "$(TEST_HOST)";
				INFOPLIST_FILE = vaultappv1Tests/Info.plist;
				LD_RUNPATH_SEARCH_PATHS = "$(inherited) @executable_path/Frameworks @loader_path/Frameworks";
				PRODUCT_BUNDLE_IDENTIFIER = PLAY.vaultappv1Tests;
				PRODUCT_NAME = "$(TARGET_NAME)";
				TEST_HOST = "$(BUILT_PRODUCTS_DIR)/vaultappv1.app/vaultappv1";
			};
			name = Release;
		};
		1424D4631D172B2700E7573D /* Debug */ = {
			isa = XCBuildConfiguration;
			buildSettings = {
				INFOPLIST_FILE = vaultappv1UITests/Info.plist;
				LD_RUNPATH_SEARCH_PATHS = "$(inherited) @executable_path/Frameworks @loader_path/Frameworks";
				PRODUCT_BUNDLE_IDENTIFIER = PLAY.vaultappv1UITests;
				PRODUCT_NAME = "$(TARGET_NAME)";
				TEST_TARGET_NAME = vaultappv1;
			};
			name = Debug;
		};
		1424D4641D172B2700E7573D /* Release */ = {
			isa = XCBuildConfiguration;
			buildSettings = {
				INFOPLIST_FILE = vaultappv1UITests/Info.plist;
				LD_RUNPATH_SEARCH_PATHS = "$(inherited) @executable_path/Frameworks @loader_path/Frameworks";
				PRODUCT_BUNDLE_IDENTIFIER = PLAY.vaultappv1UITests;
				PRODUCT_NAME = "$(TARGET_NAME)";
				TEST_TARGET_NAME = vaultappv1;
			};
			name = Release;
		};
/* End XCBuildConfiguration section */

/* Begin XCConfigurationList section */
		1424D42A1D172B2700E7573D /* Build configuration list for PBXProject "vaultappv1" */ = {
			isa = XCConfigurationList;
			buildConfigurations = (
				1424D45A1D172B2700E7573D /* Debug */,
				1424D45B1D172B2700E7573D /* Release */,
			);
			defaultConfigurationIsVisible = 0;
			defaultConfigurationName = Release;
		};
		1424D45C1D172B2700E7573D /* Build configuration list for PBXNativeTarget "vaultappv1" */ = {
			isa = XCConfigurationList;
			buildConfigurations = (
				1424D45D1D172B2700E7573D /* Debug */,
				1424D45E1D172B2700E7573D /* Release */,
			);
			defaultConfigurationIsVisible = 0;
			defaultConfigurationName = Release;
		};
		1424D45F1D172B2700E7573D /* Build configuration list for PBXNativeTarget "vaultappv1Tests" */ = {
			isa = XCConfigurationList;
			buildConfigurations = (
				1424D4601D172B2700E7573D /* Debug */,
				1424D4611D172B2700E7573D /* Release */,
			);
			defaultConfigurationIsVisible = 0;
			defaultConfigurationName = Release;
		};
		1424D4621D172B2700E7573D /* Build configuration list for PBXNativeTarget "vaultappv1UITests" */ = {
			isa = XCConfigurationList;
			buildConfigurations = (
				1424D4631D172B2700E7573D /* Debug */,
				1424D4641D172B2700E7573D /* Release */,
			);
			defaultConfigurationIsVisible = 0;
			defaultConfigurationName = Release;
		};
/* End XCConfigurationList section */
	};
	rootObject = 1424D4271D172B2700E7573D /* Project object */;
}
